
Microsoft Visual Studio Solution File, Format Version 12.00
# Visual Studio 15
VisualStudioVersion = 15.0.28307.421
MinimumVisualStudioVersion = 10.0.40219.1
Project("{FAE04EC0-301F-11D3-BF4B-00C04F79EFBC}") = "Math", "Math\Math.csproj", "{71D73E2E-8599-4048-816C-7BC648E8F3BB}"
EndProject
Project("{FAE04EC0-301F-11D3-BF4B-00C04F79EFBC}") = "MathUnitTest", "MathUnitTest\MathUnitTest.csproj", "{861AF0C9-2661-4373-A019-7AD16A0DF306}"
EndProject
Global
	GlobalSection(SolutionConfigurationPlatforms) = preSolution
		Debug|Any CPU = Debug|Any CPU
		Release|Any CPU = Release|Any CPU
	EndGlobalSection
	GlobalSection(ProjectConfigurationPlatforms) = postSolution
		{71D73E2E-8599-4048-816C-7BC648E8F3BB}.Debug|Any CPU.ActiveCfg = Debug|Any CPU
		{71D73E2E-8599-4048-816C-7BC648E8F3BB}.Debug|Any CPU.Build.0 = Debug|Any CPU
		{71D73E2E-8599-4048-816C-7BC648E8F3BB}.Release|Any CPU.ActiveCfg = Release|Any CPU
		{71D73E2E-8599-4048-816C-7BC648E8F3BB}.Release|Any CPU.Build.0 = Release|Any CPU
		{861AF0C9-2661-4373-A019-7AD16A0DF306}.Debug|Any CPU.ActiveCfg = Debug|Any CPU
		{861AF0C9-2661-4373-A019-7AD16A0DF306}.Debug|Any CPU.Build.0 = Debug|Any CPU
		{861AF0C9-2661-4373-A019-7AD16A0DF306}.Release|Any CPU.ActiveCfg = Release|Any CPU
		{861AF0C9-2661-4373-A019-7AD16A0DF306}.Release|Any CPU.Build.0 = Release|Any CPU
	EndGlobalSection
	GlobalSection(SolutionProperties) = preSolution
		HideSolutionNode = FALSE
	EndGlobalSection
	GlobalSection(ExtensibilityGlobals) = postSolution
		SolutionGuid = {4F11B075-37B0-4F45-BB0C-F80D4D102DE8}
	EndGlobalSection
EndGlobal
